
Microsoft Visual Studio Solution File, Format Version 12.00
# Visual Studio Version 17
VisualStudioVersion = 17.2.32526.322
MinimumVisualStudioVersion = 10.0.40219.1
Project("{FAE04EC0-301F-11D3-BF4B-00C04F79EFBC}") = "poSaytu", "poSaytu\poSaytu.csproj", "{5233CCA6-B296-40E5-A705-96F23D62EF8E}"
EndProject
Global
	GlobalSection(SolutionConfigurationPlatforms) = preSolution
		Debug|Any CPU = Debug|Any CPU
		Release|Any CPU = Release|Any CPU
	EndGlobalSection
	GlobalSection(ProjectConfigurationPlatforms) = postSolution
		{5233CCA6-B296-40E5-A705-96F23D62EF8E}.Debug|Any CPU.ActiveCfg = Debug|Any CPU
		{5233CCA6-B296-40E5-A705-96F23D62EF8E}.Debug|Any CPU.Build.0 = Debug|Any CPU
		{5233CCA6-B296-40E5-A705-96F23D62EF8E}.Release|Any CPU.ActiveCfg = Release|Any CPU
		{5233CCA6-B296-40E5-A705-96F23D62EF8E}.Release|Any CPU.Build.0 = Release|Any CPU
	EndGlobalSection
	GlobalSection(SolutionProperties) = preSolution
		HideSolutionNode = FALSE
	EndGlobalSection
	GlobalSection(ExtensibilityGlobals) = postSolution
		SolutionGuid = {88CFFEBA-61E5-44B1-8836-FD4B64350B7D}
	EndGlobalSection
EndGlobal
